
Microsoft Visual Studio Solution File, Format Version 11.00
# Visual Studio 2010
Project("{FAE04EC0-301F-11D3-BF4B-00C04F79EFBC}") = "Assembly-CSharp", "Assembly-CSharp.csproj", "{DC4D06AE-2D72-32B7-7C33-BC00675037BC}"
EndProject
Global
	GlobalSection(SolutionConfigurationPlatforms) = preSolution
		Debug|Any CPU = Debug|Any CPU
		Release|Any CPU = Release|Any CPU
	EndGlobalSection
	GlobalSection(ProjectConfigurationPlatforms) = postSolution
		{DC4D06AE-2D72-32B7-7C33-BC00675037BC}.Debug|Any CPU.ActiveCfg = Debug|Any CPU
		{DC4D06AE-2D72-32B7-7C33-BC00675037BC}.Debug|Any CPU.Build.0 = Debug|Any CPU
		{DC4D06AE-2D72-32B7-7C33-BC00675037BC}.Release|Any CPU.ActiveCfg = Release|Any CPU
		{DC4D06AE-2D72-32B7-7C33-BC00675037BC}.Release|Any CPU.Build.0 = Release|Any CPU
	EndGlobalSection
	GlobalSection(SolutionProperties) = preSolution
		HideSolutionNode = FALSE
	EndGlobalSection
EndGlobal
